
Microsoft Visual Studio Solution File, Format Version 12.00
# Visual Studio 14
VisualStudioVersion = 14.0.25420.1
MinimumVisualStudioVersion = 10.0.40219.1
Project("{FAE04EC0-301F-11D3-BF4B-00C04F79EFBC}") = "ToDo.Migrations", "ToDo.Migrations\ToDo.Migrations.csproj", "{DAECE086-5F9E-46F3-84D6-68928E2B0ED2}"
EndProject
Project("{F2A71F9B-5D33-465A-A702-920D77279786}") = "ToDo.WebApi", "ToDo.WebApi\ToDo.WebApi.fsproj", "{F464C38E-B129-448C-B0BB-28A85F25B8DE}"
EndProject
Project("{E24C65DC-7377-472B-9ABA-BC803B73C61A}") = "ToDo.WebSite", "ToDo.WebSite\", "{9C148DDF-8956-4311-9FCA-3D8AB0AACC1C}"
	ProjectSection(WebsiteProperties) = preProject
		TargetFrameworkMoniker = ".NETFramework,Version%3Dv4.5"
		Debug.AspNetCompiler.VirtualPath = "/localhost_50254"
		Debug.AspNetCompiler.PhysicalPath = "ToDo.WebSite\"
		Debug.AspNetCompiler.TargetPath = "PrecompiledWeb\localhost_50254\"
		Debug.AspNetCompiler.Updateable = "true"
		Debug.AspNetCompiler.ForceOverwrite = "true"
		Debug.AspNetCompiler.FixedNames = "false"
		Debug.AspNetCompiler.Debug = "True"
		Release.AspNetCompiler.VirtualPath = "/localhost_50254"
		Release.AspNetCompiler.PhysicalPath = "ToDo.WebSite\"
		Release.AspNetCompiler.TargetPath = "PrecompiledWeb\localhost_50254\"
		Release.AspNetCompiler.Updateable = "true"
		Release.AspNetCompiler.ForceOverwrite = "true"
		Release.AspNetCompiler.FixedNames = "false"
		Release.AspNetCompiler.Debug = "False"
		VWDPort = "50254"
		SlnRelativePath = "ToDo.WebSite\"
	EndProjectSection
EndProject
Project("{F2A71F9B-5D33-465A-A702-920D77279786}") = "Suave.BearerTokenAuthentication", "Suave.BearerTokenAuthentication\Suave.BearerTokenAuthentication.fsproj", "{5EA5F523-DFF9-4E74-814E-1D04A5A89B0E}"
EndProject
Project("{F2A71F9B-5D33-465A-A702-920D77279786}") = "FgNv.ROP", "FgNv.ROP\FgNv.ROP.fsproj", "{43C8987A-7318-4A6E-ACD6-960B04CCDAD1}"
EndProject
Global
	GlobalSection(SolutionConfigurationPlatforms) = preSolution
		Debug|Any CPU = Debug|Any CPU
		Release|Any CPU = Release|Any CPU
	EndGlobalSection
	GlobalSection(ProjectConfigurationPlatforms) = postSolution
		{DAECE086-5F9E-46F3-84D6-68928E2B0ED2}.Debug|Any CPU.ActiveCfg = Debug|Any CPU
		{DAECE086-5F9E-46F3-84D6-68928E2B0ED2}.Debug|Any CPU.Build.0 = Debug|Any CPU
		{DAECE086-5F9E-46F3-84D6-68928E2B0ED2}.Release|Any CPU.ActiveCfg = Release|Any CPU
		{DAECE086-5F9E-46F3-84D6-68928E2B0ED2}.Release|Any CPU.Build.0 = Release|Any CPU
		{F464C38E-B129-448C-B0BB-28A85F25B8DE}.Debug|Any CPU.ActiveCfg = Debug|Any CPU
		{F464C38E-B129-448C-B0BB-28A85F25B8DE}.Debug|Any CPU.Build.0 = Debug|Any CPU
		{F464C38E-B129-448C-B0BB-28A85F25B8DE}.Release|Any CPU.ActiveCfg = Release|Any CPU
		{F464C38E-B129-448C-B0BB-28A85F25B8DE}.Release|Any CPU.Build.0 = Release|Any CPU
		{9C148DDF-8956-4311-9FCA-3D8AB0AACC1C}.Debug|Any CPU.ActiveCfg = Debug|Any CPU
		{9C148DDF-8956-4311-9FCA-3D8AB0AACC1C}.Debug|Any CPU.Build.0 = Debug|Any CPU
		{9C148DDF-8956-4311-9FCA-3D8AB0AACC1C}.Release|Any CPU.ActiveCfg = Debug|Any CPU
		{9C148DDF-8956-4311-9FCA-3D8AB0AACC1C}.Release|Any CPU.Build.0 = Debug|Any CPU
		{5EA5F523-DFF9-4E74-814E-1D04A5A89B0E}.Debug|Any CPU.ActiveCfg = Debug|Any CPU
		{5EA5F523-DFF9-4E74-814E-1D04A5A89B0E}.Debug|Any CPU.Build.0 = Debug|Any CPU
		{5EA5F523-DFF9-4E74-814E-1D04A5A89B0E}.Release|Any CPU.ActiveCfg = Release|Any CPU
		{5EA5F523-DFF9-4E74-814E-1D04A5A89B0E}.Release|Any CPU.Build.0 = Release|Any CPU
		{43C8987A-7318-4A6E-ACD6-960B04CCDAD1}.Debug|Any CPU.ActiveCfg = Debug|Any CPU
		{43C8987A-7318-4A6E-ACD6-960B04CCDAD1}.Debug|Any CPU.Build.0 = Debug|Any CPU
		{43C8987A-7318-4A6E-ACD6-960B04CCDAD1}.Release|Any CPU.ActiveCfg = Release|Any CPU
		{43C8987A-7318-4A6E-ACD6-960B04CCDAD1}.Release|Any CPU.Build.0 = Release|Any CPU
	EndGlobalSection
	GlobalSection(SolutionProperties) = preSolution
		HideSolutionNode = FALSE
	EndGlobalSection
EndGlobal
